
Microsoft Visual Studio Solution File, Format Version 12.00
# Visual Studio Version 16
VisualStudioVersion = 16.0.29424.173
MinimumVisualStudioVersion = 10.0.40219.1
Project("{FAE04EC0-301F-11D3-BF4B-00C04F79EFBC}") = "BulkDeleteBlobs", "BulkDeleteBlobs\BulkDeleteBlobs.csproj", "{F88091FB-2D63-4F57-ADAF-E1971256A260}"
EndProject
Global
	GlobalSection(SolutionConfigurationPlatforms) = preSolution
		Debug|Any CPU = Debug|Any CPU
		Release|Any CPU = Release|Any CPU
	EndGlobalSection
	GlobalSection(ProjectConfigurationPlatforms) = postSolution
		{F88091FB-2D63-4F57-ADAF-E1971256A260}.Debug|Any CPU.ActiveCfg = Debug|Any CPU
		{F88091FB-2D63-4F57-ADAF-E1971256A260}.Debug|Any CPU.Build.0 = Debug|Any CPU
		{F88091FB-2D63-4F57-ADAF-E1971256A260}.Release|Any CPU.ActiveCfg = Release|Any CPU
		{F88091FB-2D63-4F57-ADAF-E1971256A260}.Release|Any CPU.Build.0 = Release|Any CPU
	EndGlobalSection
	GlobalSection(SolutionProperties) = preSolution
		HideSolutionNode = FALSE
	EndGlobalSection
	GlobalSection(ExtensibilityGlobals) = postSolution
		SolutionGuid = {4A4FBDE8-4847-4436-8F2D-B6FBDCA3EA22}
	EndGlobalSection
EndGlobal
